
Microsoft Visual Studio Solution File, Format Version 12.00
# Visual Studio Version 17
VisualStudioVersion = 17.13.35806.99
MinimumVisualStudioVersion = 10.0.40219.1
Project("{FAE04EC0-301F-11D3-BF4B-00C04F79EFBC}") = "ControleClientes", "ControleClientes\ControleClientes.csproj", "{04474143-975A-4548-A045-9CE45C9E5439}"
EndProject
Global
	GlobalSection(SolutionConfigurationPlatforms) = preSolution
		Debug|Any CPU = Debug|Any CPU
		Release|Any CPU = Release|Any CPU
	EndGlobalSection
	GlobalSection(ProjectConfigurationPlatforms) = postSolution
		{04474143-975A-4548-A045-9CE45C9E5439}.Debug|Any CPU.ActiveCfg = Debug|Any CPU
		{04474143-975A-4548-A045-9CE45C9E5439}.Debug|Any CPU.Build.0 = Debug|Any CPU
		{04474143-975A-4548-A045-9CE45C9E5439}.Release|Any CPU.ActiveCfg = Release|Any CPU
		{04474143-975A-4548-A045-9CE45C9E5439}.Release|Any CPU.Build.0 = Release|Any CPU
	EndGlobalSection
	GlobalSection(SolutionProperties) = preSolution
		HideSolutionNode = FALSE
	EndGlobalSection
	GlobalSection(ExtensibilityGlobals) = postSolution
		SolutionGuid = {724075E8-B179-480F-AFAC-C1F3B1E39C82}
	EndGlobalSection
EndGlobal
